
Microsoft Visual Studio Solution File, Format Version 12.00
# Visual Studio Version 16
VisualStudioVersion = 16.0.29519.87
MinimumVisualStudioVersion = 10.0.40219.1
Project("{FAE04EC0-301F-11D3-BF4B-00C04F79EFBC}") = "BSMOTD", "BSMOTD.csproj", "{556BFFA8-3155-4CBA-933C-D68552F0625C}"
EndProject
Global
	GlobalSection(SolutionConfigurationPlatforms) = preSolution
		Debug|Any CPU = Debug|Any CPU
		Release|Any CPU = Release|Any CPU
	EndGlobalSection
	GlobalSection(ProjectConfigurationPlatforms) = postSolution
		{556BFFA8-3155-4CBA-933C-D68552F0625C}.Debug|Any CPU.ActiveCfg = Debug|Any CPU
		{556BFFA8-3155-4CBA-933C-D68552F0625C}.Debug|Any CPU.Build.0 = Debug|Any CPU
		{556BFFA8-3155-4CBA-933C-D68552F0625C}.Release|Any CPU.ActiveCfg = Release|Any CPU
		{556BFFA8-3155-4CBA-933C-D68552F0625C}.Release|Any CPU.Build.0 = Release|Any CPU
	EndGlobalSection
	GlobalSection(SolutionProperties) = preSolution
		HideSolutionNode = FALSE
	EndGlobalSection
	GlobalSection(ExtensibilityGlobals) = postSolution
		SolutionGuid = {BC4388CC-D2C3-46C5-B9E0-C878933DDBEF}
	EndGlobalSection
EndGlobal
